// !$*UTF8*$!
{
	archiveVersion = 1;
	classes = {
	};
	objectVersion = 56;
	objects = {

/* Begin PBXBuildFile section */
		C59FD8682D55D98F0068882D /* Data.plist in Resources */ = {isa = PBXBuildFile; fileRef = C59FD8672D55D98F0068882D /* Data.plist */; };
		C59FD86A2D55DB470068882D /* Place.swift in Sources */ = {isa = PBXBuildFile; fileRef = C59FD8692D55DB470068882D /* Place.swift */; };
		C59FD86C2D55DB900068882D /* PlaceMarkerView.swift in Sources */ = {isa = PBXBuildFile; fileRef = C59FD86B2D55DB900068882D /* PlaceMarkerView.swift */; };
		C59FD86E2D55DCFE0068882D /* DataManager.swift in Sources */ = {isa = PBXBuildFile; fileRef = C59FD86D2D55DCFE0068882D /* DataManager.swift */; };
		C59FD8702D573B750068882D /* FavoritesViewController.swift in Sources */ = {isa = PBXBuildFile; fileRef = C59FD86F2D573B750068882D /* FavoritesViewController.swift */; };
		C5E2EA492D55B36800F855BD /* AppDelegate.swift in Sources */ = {isa = PBXBuildFile; fileRef = C5E2EA482D55B36800F855BD /* AppDelegate.swift */; };
		C5E2EA4B2D55B36800F855BD /* SceneDelegate.swift in Sources */ = {isa = PBXBuildFile; fileRef = C5E2EA4A2D55B36800F855BD /* SceneDelegate.swift */; };
		C5E2EA4D2D55B36800F855BD /* ViewController.swift in Sources */ = {isa = PBXBuildFile; fileRef = C5E2EA4C2D55B36800F855BD /* ViewController.swift */; };
		C5E2EA502D55B36800F855BD /* Main.storyboard in Resources */ = {isa = PBXBuildFile; fileRef = C5E2EA4E2D55B36800F855BD /* Main.storyboard */; };
		C5E2EA522D55B36C00F855BD /* Assets.xcassets in Resources */ = {isa = PBXBuildFile; fileRef = C5E2EA512D55B36C00F855BD /* Assets.xcassets */; };
		C5E2EA552D55B36C00F855BD /* LaunchScreen.storyboard in Resources */ = {isa = PBXBuildFile; fileRef = C5E2EA532D55B36C00F855BD /* LaunchScreen.storyboard */; };
/* End PBXBuildFile section */

/* Begin PBXFileReference section */
		C59FD8672D55D98F0068882D /* Data.plist */ = {isa = PBXFileReference; fileEncoding = 4; lastKnownFileType = text.plist.xml; path = Data.plist; sourceTree = "<group>"; };
		C59FD8692D55DB470068882D /* Place.swift */ = {isa = PBXFileReference; lastKnownFileType = sourcecode.swift; path = Place.swift; sourceTree = "<group>"; };
		C59FD86B2D55DB900068882D /* PlaceMarkerView.swift */ = {isa = PBXFileReference; lastKnownFileType = sourcecode.swift; path = PlaceMarkerView.swift; sourceTree = "<group>"; };
		C59FD86D2D55DCFE0068882D /* DataManager.swift */ = {isa = PBXFileReference; lastKnownFileType = sourcecode.swift; path = DataManager.swift; sourceTree = "<group>"; };
		C59FD86F2D573B750068882D /* FavoritesViewController.swift */ = {isa = PBXFileReference; lastKnownFileType = sourcecode.swift; path = FavoritesViewController.swift; sourceTree = "<group>"; };
		C5E2EA452D55B36800F855BD /* Project5.app */ = {isa = PBXFileReference; explicitFileType = wrapper.application; includeInIndex = 0; path = Project5.app; sourceTree = BUILT_PRODUCTS_DIR; };
		C5E2EA482D55B36800F855BD /* AppDelegate.swift */ = {isa = PBXFileReference; lastKnownFileType = sourcecode.swift; path = AppDelegate.swift; sourceTree = "<group>"; };
		C5E2EA4A2D55B36800F855BD /* SceneDelegate.swift */ = {isa = PBXFileReference; lastKnownFileType = sourcecode.swift; path = SceneDelegate.swift; sourceTree = "<group>"; };
		C5E2EA4C2D55B36800F855BD /* ViewController.swift */ = {isa = PBXFileReference; lastKnownFileType = sourcecode.swift; path = ViewController.swift; sourceTree = "<group>"; };
		C5E2EA4F2D55B36800F855BD /* Base */ = {isa = PBXFileReference; lastKnownFileType = file.storyboard; name = Base; path = Base.lproj/Main.storyboard; sourceTree = "<group>"; };
		C5E2EA512D55B36C00F855BD /* Assets.xcassets */ = {isa = PBXFileReference; lastKnownFileType = folder.assetcatalog; path = Assets.xcassets; sourceTree = "<group>"; };
		C5E2EA542D55B36C00F855BD /* Base */ = {isa = PBXFileReference; lastKnownFileType = file.storyboard; name = Base; path = Base.lproj/LaunchScreen.storyboard; sourceTree = "<group>"; };
		C5E2EA562D55B36C00F855BD /* Info.plist */ = {isa = PBXFileReference; lastKnownFileType = text.plist.xml; path = Info.plist; sourceTree = "<group>"; };
/* End PBXFileReference section */

/* Begin PBXFrameworksBuildPhase section */
		C5E2EA422D55B36800F855BD /* Frameworks */ = {
			isa = PBXFrameworksBuildPhase;
			buildActionMask = 2147483647;
			files = (
			);
			runOnlyForDeploymentPostprocessing = 0;
		};
/* End PBXFrameworksBuildPhase section */

/* Begin PBXGroup section */
		C5E2EA3C2D55B36800F855BD = {
			isa = PBXGroup;
			children = (
				C5E2EA472D55B36800F855BD /* Project5 */,
				C5E2EA462D55B36800F855BD /* Products */,
			);
			sourceTree = "<group>";
		};
		C5E2EA462D55B36800F855BD /* Products */ = {
			isa = PBXGroup;
			children = (
				C5E2EA452D55B36800F855BD /* Project5.app */,
			);
			name = Products;
			sourceTree = "<group>";
		};
		C5E2EA472D55B36800F855BD /* Project5 */ = {
			isa = PBXGroup;
			children = (
				C5E2EA482D55B36800F855BD /* AppDelegate.swift */,
				C5E2EA4A2D55B36800F855BD /* SceneDelegate.swift */,
				C5E2EA4C2D55B36800F855BD /* ViewController.swift */,
				C59FD86D2D55DCFE0068882D /* DataManager.swift */,
				C5E2EA4E2D55B36800F855BD /* Main.storyboard */,
				C5E2EA512D55B36C00F855BD /* Assets.xcassets */,
				C5E2EA532D55B36C00F855BD /* LaunchScreen.storyboard */,
				C5E2EA562D55B36C00F855BD /* Info.plist */,
				C59FD8672D55D98F0068882D /* Data.plist */,
				C59FD86F2D573B750068882D /* FavoritesViewController.swift */,
				C59FD8692D55DB470068882D /* Place.swift */,
				C59FD86B2D55DB900068882D /* PlaceMarkerView.swift */,
			);
			path = Project5;
			sourceTree = "<group>";
		};
/* End PBXGroup section */

/* Begin PBXNativeTarget section */
		C5E2EA442D55B36800F855BD /* Project5 */ = {
			isa = PBXNativeTarget;
			buildConfigurationList = C5E2EA592D55B36C00F855BD /* Build configuration list for PBXNativeTarget "Project5" */;
			buildPhases = (
				C5E2EA412D55B36800F855BD /* Sources */,
				C5E2EA422D55B36800F855BD /* Frameworks */,
				C5E2EA432D55B36800F855BD /* Resources */,
			);
			buildRules = (
			);
			dependencies = (
			);
			name = Project5;
			productName = Project5;
			productReference = C5E2EA452D55B36800F855BD /* Project5.app */;
			productType = "com.apple.product-type.application";
		};
/* End PBXNativeTarget section */

/* Begin PBXProject section */
		C5E2EA3D2D55B36800F855BD /* Project object */ = {
			isa = PBXProject;
			attributes = {
				BuildIndependentTargetsInParallel = 1;
				LastSwiftUpdateCheck = 1520;
				LastUpgradeCheck = 1520;
				TargetAttributes = {
					C5E2EA442D55B36800F855BD = {
						CreatedOnToolsVersion = 15.2;
					};
				};
			};
			buildConfigurationList = C5E2EA402D55B36800F855BD /* Build configuration list for PBXProject "Project5" */;
			compatibilityVersion = "Xcode 14.0";
			developmentRegion = en;
			hasScannedForEncodings = 0;
			knownRegions = (
				en,
				Base,
			);
			mainGroup = C5E2EA3C2D55B36800F855BD;
			productRefGroup = C5E2EA462D55B36800F855BD /* Products */;
			projectDirPath = "";
			projectRoot = "";
			targets = (
				C5E2EA442D55B36800F855BD /* Project5 */,
			);
		};
/* End PBXProject section */

/* Begin PBXResourcesBuildPhase section */
		C5E2EA432D55B36800F855BD /* Resources */ = {
			isa = PBXResourcesBuildPhase;
			buildActionMask = 2147483647;
			files = (
				C5E2EA552D55B36C00F855BD /* LaunchScreen.storyboard in Resources */,
				C5E2EA522D55B36C00F855BD /* Assets.xcassets in Resources */,
				C59FD8682D55D98F0068882D /* Data.plist in Resources */,
				C5E2EA502D55B36800F855BD /* Main.storyboard in Resources */,
			);
			runOnlyForDeploymentPostprocessing = 0;
		};
/* End PBXResourcesBuildPhase section */

/* Begin PBXSourcesBuildPhase section */
		C5E2EA412D55B36800F855BD /* Sources */ = {
			isa = PBXSourcesBuildPhase;
			buildActionMask = 2147483647;
			files = (
				C5E2EA4D2D55B36800F855BD /* ViewController.swift in Sources */,
				C59FD86E2D55DCFE0068882D /* DataManager.swift in Sources */,
				C59FD8702D573B750068882D /* FavoritesViewController.swift in Sources */,
				C5E2EA492D55B36800F855BD /* AppDelegate.swift in Sources */,
				C59FD86C2D55DB900068882D /* PlaceMarkerView.swift in Sources */,
				C5E2EA4B2D55B36800F855BD /* SceneDelegate.swift in Sources */,
				C59FD86A2D55DB470068882D /* Place.swift in Sources */,
			);
			runOnlyForDeploymentPostprocessing = 0;
		};
/* End PBXSourcesBuildPhase section */

/* Begin PBXVariantGroup section */
		C5E2EA4E2D55B36800F855BD /* Main.storyboard */ = {
			isa = PBXVariantGroup;
			children = (
				C5E2EA4F2D55B36800F855BD /* Base */,
			);
			name = Main.storyboard;
			sourceTree = "<group>";
		};
		C5E2EA532D55B36C00F855BD /* LaunchScreen.storyboard */ = {
			isa = PBXVariantGroup;
			children = (
				C5E2EA542D55B36C00F855BD /* Base */,
			);
			name = LaunchScreen.storyboard;
			sourceTree = "<group>";
		};
/* End PBXVariantGroup section */

/* Begin XCBuildConfiguration section */
		C5E2EA572D55B36C00F855BD /* Debug */ = {
			isa = XCBuildConfiguration;
			buildSettings = {
				ALWAYS_SEARCH_USER_PATHS = NO;
				ASSETCATALOG_COMPILER_GENERATE_SWIFT_ASSET_SYMBOL_EXTENSIONS = YES;
				CLANG_ANALYZER_NONNULL = YES;
				CLANG_ANALYZER_NUMBER_OBJECT_CONVERSION = YES_AGGRESSIVE;
				CLANG_CXX_LANGUAGE_STANDARD = "gnu++20";
				CLANG_ENABLE_MODULES = YES;
				CLANG_ENABLE_OBJC_ARC = YES;
				CLANG_ENABLE_OBJC_WEAK = YES;
				CLANG_WARN_BLOCK_CAPTURE_AUTORELEASING = YES;
				CLANG_WARN_BOOL_CONVERSION = YES;
				CLANG_WARN_COMMA = YES;
				CLANG_WARN_CONSTANT_CONVERSION = YES;
				CLANG_WARN_DEPRECATED_OBJC_IMPLEMENTATIONS = YES;
				CLANG_WARN_DIRECT_OBJC_ISA_USAGE = YES_ERROR;
				CLANG_WARN_DOCUMENTATION_COMMENTS = YES;
				CLANG_WARN_EMPTY_BODY = YES;
				CLANG_WARN_ENUM_CONVERSION = YES;
				CLANG_WARN_INFINITE_RECURSION = YES;
				CLANG_WARN_INT_CONVERSION = YES;
				CLANG_WARN_NON_LITERAL_NULL_CONVERSION = YES;
				CLANG_WARN_OBJC_IMPLICIT_RETAIN_SELF = YES;
				CLANG_WARN_OBJC_LITERAL_CONVERSION = YES;
				CLANG_WARN_OBJC_ROOT_CLASS = YES_ERROR;
				CLANG_WARN_QUOTED_INCLUDE_IN_FRAMEWORK_HEADER = YES;
				CLANG_WARN_RANGE_LOOP_ANALYSIS = YES;
				CLANG_WARN_STRICT_PROTOTYPES = YES;
				CLANG_WARN_SUSPICIOUS_MOVE = YES;
				CLANG_WARN_UNGUARDED_AVAILABILITY = YES_AGGRESSIVE;
				CLANG_WARN_UNREACHABLE_CODE = YES;
				CLANG_WARN__DUPLICATE_METHOD_MATCH = YES;
				COPY_PHASE_STRIP = NO;
				DEBUG_INFORMATION_FORMAT = dwarf;
				ENABLE_STRICT_OBJC_MSGSEND = YES;
				ENABLE_TESTABILITY = YES;
				ENABLE_USER_SCRIPT_SANDBOXING = YES;
				GCC_C_LANGUAGE_STANDARD = gnu17;
				GCC_DYNAMIC_NO_PIC = NO;
				GCC_NO_COMMON_BLOCKS = YES;
				GCC_OPTIMIZATION_LEVEL = 0;
				GCC_PREPROCESSOR_DEFINITIONS = (
					"DEBUG=1",
					"$(inherited)",
				);
				GCC_WARN_64_TO_32_BIT_CONVERSION = YES;
				GCC_WARN_ABOUT_RETURN_TYPE = YES_ERROR;
				GCC_WARN_UNDECLARED_SELECTOR = YES;
				GCC_WARN_UNINITIALIZED_AUTOS = YES_AGGRESSIVE;
				GCC_WARN_UNUSED_FUNCTION = YES;
				GCC_WARN_UNUSED_VARIABLE = YES;
				IPHONEOS_DEPLOYMENT_TARGET = 17.2;
				LOCALIZATION_PREFERS_STRING_CATALOGS = YES;
				MTL_ENABLE_DEBUG_INFO = INCLUDE_SOURCE;
				MTL_FAST_MATH = YES;
				ONLY_ACTIVE_ARCH = YES;
				SDKROOT = iphoneos;
				SWIFT_ACTIVE_COMPILATION_CONDITIONS = "DEBUG $(inherited)";
				SWIFT_OPTIMIZATION_LEVEL = "-Onone";
			};
			name = Debug;
		};
		C5E2EA582D55B36C00F855BD /* Release */ = {
			isa = XCBuildConfiguration;
			buildSettings = {
				ALWAYS_SEARCH_USER_PATHS = NO;
				ASSETCATALOG_COMPILER_GENERATE_SWIFT_ASSET_SYMBOL_EXTENSIONS = YES;
				CLANG_ANALYZER_NONNULL = YES;
				CLANG_ANALYZER_NUMBER_OBJECT_CONVERSION = YES_AGGRESSIVE;
				CLANG_CXX_LANGUAGE_STANDARD = "gnu++20";
				CLANG_ENABLE_MODULES = YES;
				CLANG_ENABLE_OBJC_ARC = YES;
				CLANG_ENABLE_OBJC_WEAK = YES;
				CLANG_WARN_BLOCK_CAPTURE_AUTORELEASING = YES;
				CLANG_WARN_BOOL_CONVERSION = YES;
				CLANG_WARN_COMMA = YES;
				CLANG_WARN_CONSTANT_CONVERSION = YES;
				CLANG_WARN_DEPRECATED_OBJC_IMPLEMENTATIONS = YES;
				CLANG_WARN_DIRECT_OBJC_ISA_USAGE = YES_ERROR;
				CLANG_WARN_DOCUMENTATION_COMMENTS = YES;
				CLANG_WARN_EMPTY_BODY = YES;
				CLANG_WARN_ENUM_CONVERSION = YES;
				CLANG_WARN_INFINITE_RECURSION = YES;
				CLANG_WARN_INT_CONVERSION = YES;
				CLANG_WARN_NON_LITERAL_NULL_CONVERSION = YES;
				CLANG_WARN_OBJC_IMPLICIT_RETAIN_SELF = YES;
				CLANG_WARN_OBJC_LITERAL_CONVERSION = YES;
				CLANG_WARN_OBJC_ROOT_CLASS = YES_ERROR;
				CLANG_WARN_QUOTED_INCLUDE_IN_FRAMEWORK_HEADER = YES;
				CLANG_WARN_RANGE_LOOP_ANALYSIS = YES;
				CLANG_WARN_STRICT_PROTOTYPES = YES;
				CLANG_WARN_SUSPICIOUS_MOVE = YES;
				CLANG_WARN_UNGUARDED_AVAILABILITY = YES_AGGRESSIVE;
				CLANG_WARN_UNREACHABLE_CODE = YES;
				CLANG_WARN__DUPLICATE_METHOD_MATCH = YES;
				COPY_PHASE_STRIP = NO;
				DEBUG_INFORMATION_FORMAT = "dwarf-with-dsym";
				ENABLE_NS_ASSERTIONS = NO;
				ENABLE_STRICT_OBJC_MSGSEND = YES;
				ENABLE_USER_SCRIPT_SANDBOXING = YES;
				GCC_C_LANGUAGE_STANDARD = gnu17;
				GCC_NO_COMMON_BLOCKS = YES;
				GCC_WARN_64_TO_32_BIT_CONVERSION = YES;
				GCC_WARN_ABOUT_RETURN_TYPE = YES_ERROR;
				GCC_WARN_UNDECLARED_SELECTOR = YES;
				GCC_WARN_UNINITIALIZED_AUTOS = YES_AGGRESSIVE;
				GCC_WARN_UNUSED_FUNCTION = YES;
				GCC_WARN_UNUSED_VARIABLE = YES;
				IPHONEOS_DEPLOYMENT_TARGET = 17.2;
				LOCALIZATION_PREFERS_STRING_CATALOGS = YES;
				MTL_ENABLE_DEBUG_INFO = NO;
				MTL_FAST_MATH = YES;
				SDKROOT = iphoneos;
				SWIFT_COMPILATION_MODE = wholemodule;
				VALIDATE_PRODUCT = YES;
			};
			name = Release;
		};
		C5E2EA5A2D55B36C00F855BD /* Debug */ = {
			isa = XCBuildConfiguration;
			buildSettings = {
				ASSETCATALOG_COMPILER_APPICON_NAME = AppIcon;
				ASSETCATALOG_COMPILER_GLOBAL_ACCENT_COLOR_NAME = AccentColor;
				CODE_SIGN_STYLE = Automatic;
				CURRENT_PROJECT_VERSION = 1;
				DEVELOPMENT_TEAM = 3VX6X3CJQP;
				GENERATE_INFOPLIST_FILE = YES;
				INFOPLIST_FILE = Project5/Info.plist;
				INFOPLIST_KEY_UIApplicationSupportsIndirectInputEvents = YES;
				INFOPLIST_KEY_UILaunchStoryboardName = LaunchScreen;
				INFOPLIST_KEY_UIMainStoryboardFile = Main;
				INFOPLIST_KEY_UIStatusBarStyle = "";
				INFOPLIST_KEY_UISupportedInterfaceOrientations_iPad = "UIInterfaceOrientationPortrait UIInterfaceOrientationPortraitUpsideDown UIInterfaceOrientationLandscapeLeft UIInterfaceOrientationLandscapeRight";
				INFOPLIST_KEY_UISupportedInterfaceOrientations_iPhone = "UIInterfaceOrientationPortrait UIInterfaceOrientationLandscapeLeft UIInterfaceOrientationLandscapeRight";
				IPHONEOS_DEPLOYMENT_TARGET = 16.2;
				LD_RUNPATH_SEARCH_PATHS = (
					"$(inherited)",
					"@executable_path/Frameworks",
				);
				MARKETING_VERSION = 1.0;
				PRODUCT_BUNDLE_IDENTIFIER = com.uchicago.Project5;
				PRODUCT_NAME = "$(TARGET_NAME)";
				SWIFT_EMIT_LOC_STRINGS = YES;
				SWIFT_VERSION = 5.0;
				TARGETED_DEVICE_FAMILY = "1,2";
			};
			name = Debug;
		};
		C5E2EA5B2D55B36C00F855BD /* Release */ = {
			isa = XCBuildConfiguration;
			buildSettings = {
				ASSETCATALOG_COMPILER_APPICON_NAME = AppIcon;
				ASSETCATALOG_COMPILER_GLOBAL_ACCENT_COLOR_NAME = AccentColor;
				CODE_SIGN_STYLE = Automatic;
				CURRENT_PROJECT_VERSION = 1;
				DEVELOPMENT_TEAM = 3VX6X3CJQP;
				GENERATE_INFOPLIST_FILE = YES;
				INFOPLIST_FILE = Project5/Info.plist;
				INFOPLIST_KEY_UIApplicationSupportsIndirectInputEvents = YES;
				INFOPLIST_KEY_UILaunchStoryboardName = LaunchScreen;
				INFOPLIST_KEY_UIMainStoryboardFile = Main;
				INFOPLIST_KEY_UIStatusBarStyle = "";
				INFOPLIST_KEY_UISupportedInterfaceOrientations_iPad = "UIInterfaceOrientationPortrait UIInterfaceOrientationPortraitUpsideDown UIInterfaceOrientationLandscapeLeft UIInterfaceOrientationLandscapeRight";
				INFOPLIST_KEY_UISupportedInterfaceOrientations_iPhone = "UIInterfaceOrientationPortrait UIInterfaceOrientationLandscapeLeft UIInterfaceOrientationLandscapeRight";
				IPHONEOS_DEPLOYMENT_TARGET = 16.2;
				LD_RUNPATH_SEARCH_PATHS = (
					"$(inherited)",
					"@executable_path/Frameworks",
				);
				MARKETING_VERSION = 1.0;
				PRODUCT_BUNDLE_IDENTIFIER = com.uchicago.Project5;
				PRODUCT_NAME = "$(TARGET_NAME)";
				SWIFT_EMIT_LOC_STRINGS = YES;
				SWIFT_VERSION = 5.0;
				TARGETED_DEVICE_FAMILY = "1,2";
			};
			name = Release;
		};
/* End XCBuildConfiguration section */

/* Begin XCConfigurationList section */
		C5E2EA402D55B36800F855BD /* Build configuration list for PBXProject "Project5" */ = {
			isa = XCConfigurationList;
			buildConfigurations = (
				C5E2EA572D55B36C00F855BD /* Debug */,
				C5E2EA582D55B36C00F855BD /* Release */,
			);
			defaultConfigurationIsVisible = 0;
			defaultConfigurationName = Release;
		};
		C5E2EA592D55B36C00F855BD /* Build configuration list for PBXNativeTarget "Project5" */ = {
			isa = XCConfigurationList;
			buildConfigurations = (
				C5E2EA5A2D55B36C00F855BD /* Debug */,
				C5E2EA5B2D55B36C00F855BD /* Release */,
			);
			defaultConfigurationIsVisible = 0;
			defaultConfigurationName = Release;
		};
/* End XCConfigurationList section */
	};
	rootObject = C5E2EA3D2D55B36800F855BD /* Project object */;
}
